
Microsoft Visual Studio Solution File, Format Version 12.00
# Visual Studio Version 17
VisualStudioVersion = 17.4.33103.184
MinimumVisualStudioVersion = 10.0.40219.1
Project("{54A90642-561A-4BB1-A94E-469ADEE60C69}") = "WorldCities", "WorldCities\WorldCities.esproj", "{74055B1C-FE39-40FF-8BBA-4DCCB2A58EEF}"
EndProject
Project("{9A19103F-16F7-4668-BE54-9A1E7A4F7556}") = "WorldCitiesAPI", "WorldCitiesAPI\WorldCitiesAPI.csproj", "{D0BA550B-E4AE-42CE-B39D-25B5D4E94940}"
EndProject
Project("{9A19103F-16F7-4668-BE54-9A1E7A4F7556}") = "WorldCitiesAPI.Tests", "WorldCitiesAPI.Tests\WorldCitiesAPI.Tests.csproj", "{492534D3-39AC-4723-9D9C-1793045CD48F}"
EndProject
Global
	GlobalSection(SolutionConfigurationPlatforms) = preSolution
		Debug|Any CPU = Debug|Any CPU
		Release|Any CPU = Release|Any CPU
	EndGlobalSection
	GlobalSection(ProjectConfigurationPlatforms) = postSolution
		{74055B1C-FE39-40FF-8BBA-4DCCB2A58EEF}.Debug|Any CPU.ActiveCfg = Debug|Any CPU
		{74055B1C-FE39-40FF-8BBA-4DCCB2A58EEF}.Debug|Any CPU.Build.0 = Debug|Any CPU
		{74055B1C-FE39-40FF-8BBA-4DCCB2A58EEF}.Debug|Any CPU.Deploy.0 = Debug|Any CPU
		{74055B1C-FE39-40FF-8BBA-4DCCB2A58EEF}.Release|Any CPU.ActiveCfg = Release|Any CPU
		{74055B1C-FE39-40FF-8BBA-4DCCB2A58EEF}.Release|Any CPU.Build.0 = Release|Any CPU
		{74055B1C-FE39-40FF-8BBA-4DCCB2A58EEF}.Release|Any CPU.Deploy.0 = Release|Any CPU
		{D0BA550B-E4AE-42CE-B39D-25B5D4E94940}.Debug|Any CPU.ActiveCfg = Debug|Any CPU
		{D0BA550B-E4AE-42CE-B39D-25B5D4E94940}.Debug|Any CPU.Build.0 = Debug|Any CPU
		{D0BA550B-E4AE-42CE-B39D-25B5D4E94940}.Release|Any CPU.ActiveCfg = Release|Any CPU
		{D0BA550B-E4AE-42CE-B39D-25B5D4E94940}.Release|Any CPU.Build.0 = Release|Any CPU
		{492534D3-39AC-4723-9D9C-1793045CD48F}.Debug|Any CPU.ActiveCfg = Debug|Any CPU
		{492534D3-39AC-4723-9D9C-1793045CD48F}.Debug|Any CPU.Build.0 = Debug|Any CPU
		{492534D3-39AC-4723-9D9C-1793045CD48F}.Release|Any CPU.ActiveCfg = Release|Any CPU
		{492534D3-39AC-4723-9D9C-1793045CD48F}.Release|Any CPU.Build.0 = Release|Any CPU
	EndGlobalSection
	GlobalSection(SolutionProperties) = preSolution
		HideSolutionNode = FALSE
	EndGlobalSection
	GlobalSection(ExtensibilityGlobals) = postSolution
		SolutionGuid = {E84EE9A2-1170-44BC-9A3D-A4265E6D8332}
	EndGlobalSection
EndGlobal
